
Microsoft Visual Studio Solution File, Format Version 12.00
# Visual Studio 14
VisualStudioVersion = 14.0.25420.1
MinimumVisualStudioVersion = 10.0.40219.1
Project("{FAE04EC0-301F-11D3-BF4B-00C04F79EFBC}") = "LivecodingApi.Model", "LivecodingApi.Model\LivecodingApi.Model.csproj", "{515C5733-80A0-4C4D-9844-5A825E54EF89}"
EndProject
Project("{FAE04EC0-301F-11D3-BF4B-00C04F79EFBC}") = "LivecodingApi.Configuration", "LivecodingApi.Configuration\LivecodingApi.Configuration.csproj", "{AB95728C-F04B-412D-A78B-903B4169410C}"
EndProject
Project("{2150E333-8FDC-42A3-9474-1A3956D46DE8}") = "Core", "Core", "{666D3CDE-1002-465B-A1C1-D13AEFEF31A0}"
EndProject
Project("{2150E333-8FDC-42A3-9474-1A3956D46DE8}") = "Front", "Front", "{3899CDCD-78C7-47FC-B990-ABA17A5A2394}"
EndProject
Project("{FAE04EC0-301F-11D3-BF4B-00C04F79EFBC}") = "LivecodingApi.UniversalWindows", "LivecodingApi.UniversalWindows\LivecodingApi.UniversalWindows.csproj", "{2B0FB1B1-D320-4CA2-B2D9-1EEF91D793FB}"
EndProject
Project("{FAE04EC0-301F-11D3-BF4B-00C04F79EFBC}") = "LivecodingApi.Services", "LivecodingApi.Services\LivecodingApi.Services.csproj", "{2BCE06BA-609C-49E3-9807-6D83A4F684BC}"
EndProject
Project("{FAE04EC0-301F-11D3-BF4B-00C04F79EFBC}") = "LivecodingApi.NetFramework", "LivecodingApi.NetFramework\LivecodingApi.NetFramework.csproj", "{F7F0C3C8-EB68-4178-850D-7558C96FE578}"
EndProject
Project("{FAE04EC0-301F-11D3-BF4B-00C04F79EFBC}") = "LivecodingApi.iOS", "LivecodingApi.iOS\LivecodingApi.iOS.csproj", "{8662FBAB-83BA-459D-BE01-D39CEBDE8205}"
EndProject
Project("{FAE04EC0-301F-11D3-BF4B-00C04F79EFBC}") = "LivecodingApi.Android", "LivecodingApi.Android\LivecodingApi.Android.csproj", "{30A5EC90-0AEC-4A26-AA1F-1618F8C0A179}"
EndProject
Project("{2150E333-8FDC-42A3-9474-1A3956D46DE8}") = "Samples", "Samples", "{F28DE9A0-2336-4DA2-A8A7-55275D26E8EB}"
EndProject
Project("{FAE04EC0-301F-11D3-BF4B-00C04F79EFBC}") = "LivecodingApi.Samples.UniversalWindows.Auth", "LivecodingApi.Samples.UniversalWindows.Auth\LivecodingApi.Samples.UniversalWindows.Auth.csproj", "{9F8CDCAA-6583-423D-AD96-8BDBEF3D98D2}"
EndProject
Global
	GlobalSection(SolutionConfigurationPlatforms) = preSolution
		Debug|Any CPU = Debug|Any CPU
		Debug|ARM = Debug|ARM
		Debug|x64 = Debug|x64
		Debug|x86 = Debug|x86
		Release|Any CPU = Release|Any CPU
		Release|ARM = Release|ARM
		Release|x64 = Release|x64
		Release|x86 = Release|x86
	EndGlobalSection
	GlobalSection(ProjectConfigurationPlatforms) = postSolution
		{515C5733-80A0-4C4D-9844-5A825E54EF89}.Debug|Any CPU.ActiveCfg = Debug|Any CPU
		{515C5733-80A0-4C4D-9844-5A825E54EF89}.Debug|Any CPU.Build.0 = Debug|Any CPU
		{515C5733-80A0-4C4D-9844-5A825E54EF89}.Debug|ARM.ActiveCfg = Debug|Any CPU
		{515C5733-80A0-4C4D-9844-5A825E54EF89}.Debug|ARM.Build.0 = Debug|Any CPU
		{515C5733-80A0-4C4D-9844-5A825E54EF89}.Debug|x64.ActiveCfg = Debug|Any CPU
		{515C5733-80A0-4C4D-9844-5A825E54EF89}.Debug|x64.Build.0 = Debug|Any CPU
		{515C5733-80A0-4C4D-9844-5A825E54EF89}.Debug|x86.ActiveCfg = Debug|Any CPU
		{515C5733-80A0-4C4D-9844-5A825E54EF89}.Debug|x86.Build.0 = Debug|Any CPU
		{515C5733-80A0-4C4D-9844-5A825E54EF89}.Release|Any CPU.ActiveCfg = Release|Any CPU
		{515C5733-80A0-4C4D-9844-5A825E54EF89}.Release|Any CPU.Build.0 = Release|Any CPU
		{515C5733-80A0-4C4D-9844-5A825E54EF89}.Release|ARM.ActiveCfg = Release|Any CPU
		{515C5733-80A0-4C4D-9844-5A825E54EF89}.Release|ARM.Build.0 = Release|Any CPU
		{515C5733-80A0-4C4D-9844-5A825E54EF89}.Release|x64.ActiveCfg = Release|Any CPU
		{515C5733-80A0-4C4D-9844-5A825E54EF89}.Release|x64.Build.0 = Release|Any CPU
		{515C5733-80A0-4C4D-9844-5A825E54EF89}.Release|x86.ActiveCfg = Release|Any CPU
		{515C5733-80A0-4C4D-9844-5A825E54EF89}.Release|x86.Build.0 = Release|Any CPU
		{AB95728C-F04B-412D-A78B-903B4169410C}.Debug|Any CPU.ActiveCfg = Debug|Any CPU
		{AB95728C-F04B-412D-A78B-903B4169410C}.Debug|Any CPU.Build.0 = Debug|Any CPU
		{AB95728C-F04B-412D-A78B-903B4169410C}.Debug|ARM.ActiveCfg = Debug|Any CPU
		{AB95728C-F04B-412D-A78B-903B4169410C}.Debug|ARM.Build.0 = Debug|Any CPU
		{AB95728C-F04B-412D-A78B-903B4169410C}.Debug|x64.ActiveCfg = Debug|Any CPU
		{AB95728C-F04B-412D-A78B-903B4169410C}.Debug|x64.Build.0 = Debug|Any CPU
		{AB95728C-F04B-412D-A78B-903B4169410C}.Debug|x86.ActiveCfg = Debug|Any CPU
		{AB95728C-F04B-412D-A78B-903B4169410C}.Debug|x86.Build.0 = Debug|Any CPU
		{AB95728C-F04B-412D-A78B-903B4169410C}.Release|Any CPU.ActiveCfg = Release|Any CPU
		{AB95728C-F04B-412D-A78B-903B4169410C}.Release|Any CPU.Build.0 = Release|Any CPU
		{AB95728C-F04B-412D-A78B-903B4169410C}.Release|ARM.ActiveCfg = Release|Any CPU
		{AB95728C-F04B-412D-A78B-903B4169410C}.Release|ARM.Build.0 = Release|Any CPU
		{AB95728C-F04B-412D-A78B-903B4169410C}.Release|x64.ActiveCfg = Release|Any CPU
		{AB95728C-F04B-412D-A78B-903B4169410C}.Release|x64.Build.0 = Release|Any CPU
		{AB95728C-F04B-412D-A78B-903B4169410C}.Release|x86.ActiveCfg = Release|Any CPU
		{AB95728C-F04B-412D-A78B-903B4169410C}.Release|x86.Build.0 = Release|Any CPU
		{2B0FB1B1-D320-4CA2-B2D9-1EEF91D793FB}.Debug|Any CPU.ActiveCfg = Debug|Any CPU
		{2B0FB1B1-D320-4CA2-B2D9-1EEF91D793FB}.Debug|Any CPU.Build.0 = Debug|Any CPU
		{2B0FB1B1-D320-4CA2-B2D9-1EEF91D793FB}.Debug|ARM.ActiveCfg = Debug|Any CPU
		{2B0FB1B1-D320-4CA2-B2D9-1EEF91D793FB}.Debug|ARM.Build.0 = Debug|Any CPU
		{2B0FB1B1-D320-4CA2-B2D9-1EEF91D793FB}.Debug|x64.ActiveCfg = Debug|Any CPU
		{2B0FB1B1-D320-4CA2-B2D9-1EEF91D793FB}.Debug|x64.Build.0 = Debug|Any CPU
		{2B0FB1B1-D320-4CA2-B2D9-1EEF91D793FB}.Debug|x86.ActiveCfg = Debug|Any CPU
		{2B0FB1B1-D320-4CA2-B2D9-1EEF91D793FB}.Debug|x86.Build.0 = Debug|Any CPU
		{2B0FB1B1-D320-4CA2-B2D9-1EEF91D793FB}.Release|Any CPU.ActiveCfg = Release|Any CPU
		{2B0FB1B1-D320-4CA2-B2D9-1EEF91D793FB}.Release|Any CPU.Build.0 = Release|Any CPU
		{2B0FB1B1-D320-4CA2-B2D9-1EEF91D793FB}.Release|ARM.ActiveCfg = Release|Any CPU
		{2B0FB1B1-D320-4CA2-B2D9-1EEF91D793FB}.Release|ARM.Build.0 = Release|Any CPU
		{2B0FB1B1-D320-4CA2-B2D9-1EEF91D793FB}.Release|x64.ActiveCfg = Release|Any CPU
		{2B0FB1B1-D320-4CA2-B2D9-1EEF91D793FB}.Release|x64.Build.0 = Release|Any CPU
		{2B0FB1B1-D320-4CA2-B2D9-1EEF91D793FB}.Release|x86.ActiveCfg = Release|Any CPU
		{2B0FB1B1-D320-4CA2-B2D9-1EEF91D793FB}.Release|x86.Build.0 = Release|Any CPU
		{2BCE06BA-609C-49E3-9807-6D83A4F684BC}.Debug|Any CPU.ActiveCfg = Debug|Any CPU
		{2BCE06BA-609C-49E3-9807-6D83A4F684BC}.Debug|Any CPU.Build.0 = Debug|Any CPU
		{2BCE06BA-609C-49E3-9807-6D83A4F684BC}.Debug|ARM.ActiveCfg = Debug|Any CPU
		{2BCE06BA-609C-49E3-9807-6D83A4F684BC}.Debug|ARM.Build.0 = Debug|Any CPU
		{2BCE06BA-609C-49E3-9807-6D83A4F684BC}.Debug|x64.ActiveCfg = Debug|Any CPU
		{2BCE06BA-609C-49E3-9807-6D83A4F684BC}.Debug|x64.Build.0 = Debug|Any CPU
		{2BCE06BA-609C-49E3-9807-6D83A4F684BC}.Debug|x86.ActiveCfg = Debug|Any CPU
		{2BCE06BA-609C-49E3-9807-6D83A4F684BC}.Debug|x86.Build.0 = Debug|Any CPU
		{2BCE06BA-609C-49E3-9807-6D83A4F684BC}.Release|Any CPU.ActiveCfg = Release|Any CPU
		{2BCE06BA-609C-49E3-9807-6D83A4F684BC}.Release|Any CPU.Build.0 = Release|Any CPU
		{2BCE06BA-609C-49E3-9807-6D83A4F684BC}.Release|ARM.ActiveCfg = Release|Any CPU
		{2BCE06BA-609C-49E3-9807-6D83A4F684BC}.Release|ARM.Build.0 = Release|Any CPU
		{2BCE06BA-609C-49E3-9807-6D83A4F684BC}.Release|x64.ActiveCfg = Release|Any CPU
		{2BCE06BA-609C-49E3-9807-6D83A4F684BC}.Release|x64.Build.0 = Release|Any CPU
		{2BCE06BA-609C-49E3-9807-6D83A4F684BC}.Release|x86.ActiveCfg = Release|Any CPU
		{2BCE06BA-609C-49E3-9807-6D83A4F684BC}.Release|x86.Build.0 = Release|Any CPU
		{F7F0C3C8-EB68-4178-850D-7558C96FE578}.Debug|Any CPU.ActiveCfg = Debug|Any CPU
		{F7F0C3C8-EB68-4178-850D-7558C96FE578}.Debug|Any CPU.Build.0 = Debug|Any CPU
		{F7F0C3C8-EB68-4178-850D-7558C96FE578}.Debug|ARM.ActiveCfg = Debug|Any CPU
		{F7F0C3C8-EB68-4178-850D-7558C96FE578}.Debug|ARM.Build.0 = Debug|Any CPU
		{F7F0C3C8-EB68-4178-850D-7558C96FE578}.Debug|x64.ActiveCfg = Debug|Any CPU
		{F7F0C3C8-EB68-4178-850D-7558C96FE578}.Debug|x64.Build.0 = Debug|Any CPU
		{F7F0C3C8-EB68-4178-850D-7558C96FE578}.Debug|x86.ActiveCfg = Debug|Any CPU
		{F7F0C3C8-EB68-4178-850D-7558C96FE578}.Debug|x86.Build.0 = Debug|Any CPU
		{F7F0C3C8-EB68-4178-850D-7558C96FE578}.Release|Any CPU.ActiveCfg = Release|Any CPU
		{F7F0C3C8-EB68-4178-850D-7558C96FE578}.Release|Any CPU.Build.0 = Release|Any CPU
		{F7F0C3C8-EB68-4178-850D-7558C96FE578}.Release|ARM.ActiveCfg = Release|Any CPU
		{F7F0C3C8-EB68-4178-850D-7558C96FE578}.Release|ARM.Build.0 = Release|Any CPU
		{F7F0C3C8-EB68-4178-850D-7558C96FE578}.Release|x64.ActiveCfg = Release|Any CPU
		{F7F0C3C8-EB68-4178-850D-7558C96FE578}.Release|x64.Build.0 = Release|Any CPU
		{F7F0C3C8-EB68-4178-850D-7558C96FE578}.Release|x86.ActiveCfg = Release|Any CPU
		{F7F0C3C8-EB68-4178-850D-7558C96FE578}.Release|x86.Build.0 = Release|Any CPU
		{8662FBAB-83BA-459D-BE01-D39CEBDE8205}.Debug|Any CPU.ActiveCfg = Debug|Any CPU
		{8662FBAB-83BA-459D-BE01-D39CEBDE8205}.Debug|Any CPU.Build.0 = Debug|Any CPU
		{8662FBAB-83BA-459D-BE01-D39CEBDE8205}.Debug|ARM.ActiveCfg = Debug|Any CPU
		{8662FBAB-83BA-459D-BE01-D39CEBDE8205}.Debug|ARM.Build.0 = Debug|Any CPU
		{8662FBAB-83BA-459D-BE01-D39CEBDE8205}.Debug|x64.ActiveCfg = Debug|Any CPU
		{8662FBAB-83BA-459D-BE01-D39CEBDE8205}.Debug|x64.Build.0 = Debug|Any CPU
		{8662FBAB-83BA-459D-BE01-D39CEBDE8205}.Debug|x86.ActiveCfg = Debug|Any CPU
		{8662FBAB-83BA-459D-BE01-D39CEBDE8205}.Debug|x86.Build.0 = Debug|Any CPU
		{8662FBAB-83BA-459D-BE01-D39CEBDE8205}.Release|Any CPU.ActiveCfg = Release|Any CPU
		{8662FBAB-83BA-459D-BE01-D39CEBDE8205}.Release|Any CPU.Build.0 = Release|Any CPU
		{8662FBAB-83BA-459D-BE01-D39CEBDE8205}.Release|ARM.ActiveCfg = Release|Any CPU
		{8662FBAB-83BA-459D-BE01-D39CEBDE8205}.Release|ARM.Build.0 = Release|Any CPU
		{8662FBAB-83BA-459D-BE01-D39CEBDE8205}.Release|x64.ActiveCfg = Release|Any CPU
		{8662FBAB-83BA-459D-BE01-D39CEBDE8205}.Release|x64.Build.0 = Release|Any CPU
		{8662FBAB-83BA-459D-BE01-D39CEBDE8205}.Release|x86.ActiveCfg = Release|Any CPU
		{8662FBAB-83BA-459D-BE01-D39CEBDE8205}.Release|x86.Build.0 = Release|Any CPU
		{30A5EC90-0AEC-4A26-AA1F-1618F8C0A179}.Debug|Any CPU.ActiveCfg = Debug|Any CPU
		{30A5EC90-0AEC-4A26-AA1F-1618F8C0A179}.Debug|Any CPU.Build.0 = Debug|Any CPU
		{30A5EC90-0AEC-4A26-AA1F-1618F8C0A179}.Debug|ARM.ActiveCfg = Debug|Any CPU
		{30A5EC90-0AEC-4A26-AA1F-1618F8C0A179}.Debug|ARM.Build.0 = Debug|Any CPU
		{30A5EC90-0AEC-4A26-AA1F-1618F8C0A179}.Debug|x64.ActiveCfg = Debug|Any CPU
		{30A5EC90-0AEC-4A26-AA1F-1618F8C0A179}.Debug|x64.Build.0 = Debug|Any CPU
		{30A5EC90-0AEC-4A26-AA1F-1618F8C0A179}.Debug|x86.ActiveCfg = Debug|Any CPU
		{30A5EC90-0AEC-4A26-AA1F-1618F8C0A179}.Debug|x86.Build.0 = Debug|Any CPU
		{30A5EC90-0AEC-4A26-AA1F-1618F8C0A179}.Release|Any CPU.ActiveCfg = Release|Any CPU
		{30A5EC90-0AEC-4A26-AA1F-1618F8C0A179}.Release|Any CPU.Build.0 = Release|Any CPU
		{30A5EC90-0AEC-4A26-AA1F-1618F8C0A179}.Release|ARM.ActiveCfg = Release|Any CPU
		{30A5EC90-0AEC-4A26-AA1F-1618F8C0A179}.Release|ARM.Build.0 = Release|Any CPU
		{30A5EC90-0AEC-4A26-AA1F-1618F8C0A179}.Release|x64.ActiveCfg = Release|Any CPU
		{30A5EC90-0AEC-4A26-AA1F-1618F8C0A179}.Release|x64.Build.0 = Release|Any CPU
		{30A5EC90-0AEC-4A26-AA1F-1618F8C0A179}.Release|x86.ActiveCfg = Release|Any CPU
		{30A5EC90-0AEC-4A26-AA1F-1618F8C0A179}.Release|x86.Build.0 = Release|Any CPU
		{9F8CDCAA-6583-423D-AD96-8BDBEF3D98D2}.Debug|Any CPU.ActiveCfg = Debug|x86
		{9F8CDCAA-6583-423D-AD96-8BDBEF3D98D2}.Debug|ARM.ActiveCfg = Debug|ARM
		{9F8CDCAA-6583-423D-AD96-8BDBEF3D98D2}.Debug|ARM.Build.0 = Debug|ARM
		{9F8CDCAA-6583-423D-AD96-8BDBEF3D98D2}.Debug|ARM.Deploy.0 = Debug|ARM
		{9F8CDCAA-6583-423D-AD96-8BDBEF3D98D2}.Debug|x64.ActiveCfg = Debug|x64
		{9F8CDCAA-6583-423D-AD96-8BDBEF3D98D2}.Debug|x64.Build.0 = Debug|x64
		{9F8CDCAA-6583-423D-AD96-8BDBEF3D98D2}.Debug|x64.Deploy.0 = Debug|x64
		{9F8CDCAA-6583-423D-AD96-8BDBEF3D98D2}.Debug|x86.ActiveCfg = Debug|x86
		{9F8CDCAA-6583-423D-AD96-8BDBEF3D98D2}.Debug|x86.Build.0 = Debug|x86
		{9F8CDCAA-6583-423D-AD96-8BDBEF3D98D2}.Debug|x86.Deploy.0 = Debug|x86
		{9F8CDCAA-6583-423D-AD96-8BDBEF3D98D2}.Release|Any CPU.ActiveCfg = Release|x86
		{9F8CDCAA-6583-423D-AD96-8BDBEF3D98D2}.Release|ARM.ActiveCfg = Release|ARM
		{9F8CDCAA-6583-423D-AD96-8BDBEF3D98D2}.Release|ARM.Build.0 = Release|ARM
		{9F8CDCAA-6583-423D-AD96-8BDBEF3D98D2}.Release|ARM.Deploy.0 = Release|ARM
		{9F8CDCAA-6583-423D-AD96-8BDBEF3D98D2}.Release|x64.ActiveCfg = Release|x64
		{9F8CDCAA-6583-423D-AD96-8BDBEF3D98D2}.Release|x64.Build.0 = Release|x64
		{9F8CDCAA-6583-423D-AD96-8BDBEF3D98D2}.Release|x64.Deploy.0 = Release|x64
		{9F8CDCAA-6583-423D-AD96-8BDBEF3D98D2}.Release|x86.ActiveCfg = Release|x86
		{9F8CDCAA-6583-423D-AD96-8BDBEF3D98D2}.Release|x86.Build.0 = Release|x86
		{9F8CDCAA-6583-423D-AD96-8BDBEF3D98D2}.Release|x86.Deploy.0 = Release|x86
	EndGlobalSection
	GlobalSection(SolutionProperties) = preSolution
		HideSolutionNode = FALSE
	EndGlobalSection
	GlobalSection(NestedProjects) = preSolution
		{515C5733-80A0-4C4D-9844-5A825E54EF89} = {666D3CDE-1002-465B-A1C1-D13AEFEF31A0}
		{AB95728C-F04B-412D-A78B-903B4169410C} = {666D3CDE-1002-465B-A1C1-D13AEFEF31A0}
		{2B0FB1B1-D320-4CA2-B2D9-1EEF91D793FB} = {3899CDCD-78C7-47FC-B990-ABA17A5A2394}
		{2BCE06BA-609C-49E3-9807-6D83A4F684BC} = {666D3CDE-1002-465B-A1C1-D13AEFEF31A0}
		{F7F0C3C8-EB68-4178-850D-7558C96FE578} = {3899CDCD-78C7-47FC-B990-ABA17A5A2394}
		{8662FBAB-83BA-459D-BE01-D39CEBDE8205} = {3899CDCD-78C7-47FC-B990-ABA17A5A2394}
		{30A5EC90-0AEC-4A26-AA1F-1618F8C0A179} = {3899CDCD-78C7-47FC-B990-ABA17A5A2394}
		{9F8CDCAA-6583-423D-AD96-8BDBEF3D98D2} = {F28DE9A0-2336-4DA2-A8A7-55275D26E8EB}
	EndGlobalSection
EndGlobal
