
Microsoft Visual Studio Solution File, Format Version 12.00
# Visual Studio 14
VisualStudioVersion = 14.0.25420.1
MinimumVisualStudioVersion = 10.0.40219.1
Project("{FAE04EC0-301F-11D3-BF4B-00C04F79EFBC}") = "LivecodingApi.Model", "LivecodingApi.Model\LivecodingApi.Model.csproj", "{515C5733-80A0-4C4D-9844-5A825E54EF89}"
EndProject
Project("{FAE04EC0-301F-11D3-BF4B-00C04F79EFBC}") = "LivecodingApi.Configuration", "LivecodingApi.Configuration\LivecodingApi.Configuration.csproj", "{AB95728C-F04B-412D-A78B-903B4169410C}"
EndProject
Project("{2150E333-8FDC-42A3-9474-1A3956D46DE8}") = "Core", "Core", "{666D3CDE-1002-465B-A1C1-D13AEFEF31A0}"
EndProject
Project("{2150E333-8FDC-42A3-9474-1A3956D46DE8}") = "Front", "Front", "{3899CDCD-78C7-47FC-B990-ABA17A5A2394}"
EndProject
Project("{FAE04EC0-301F-11D3-BF4B-00C04F79EFBC}") = "LivecodingApi.UniversalWindows", "LivecodingApi.UniversalWindows\LivecodingApi.UniversalWindows.csproj", "{2B0FB1B1-D320-4CA2-B2D9-1EEF91D793FB}"
EndProject
Global
	GlobalSection(SolutionConfigurationPlatforms) = preSolution
		Debug|Any CPU = Debug|Any CPU
		Release|Any CPU = Release|Any CPU
	EndGlobalSection
	GlobalSection(ProjectConfigurationPlatforms) = postSolution
		{515C5733-80A0-4C4D-9844-5A825E54EF89}.Debug|Any CPU.ActiveCfg = Debug|Any CPU
		{515C5733-80A0-4C4D-9844-5A825E54EF89}.Debug|Any CPU.Build.0 = Debug|Any CPU
		{515C5733-80A0-4C4D-9844-5A825E54EF89}.Release|Any CPU.ActiveCfg = Release|Any CPU
		{515C5733-80A0-4C4D-9844-5A825E54EF89}.Release|Any CPU.Build.0 = Release|Any CPU
		{AB95728C-F04B-412D-A78B-903B4169410C}.Debug|Any CPU.ActiveCfg = Debug|Any CPU
		{AB95728C-F04B-412D-A78B-903B4169410C}.Debug|Any CPU.Build.0 = Debug|Any CPU
		{AB95728C-F04B-412D-A78B-903B4169410C}.Release|Any CPU.ActiveCfg = Release|Any CPU
		{AB95728C-F04B-412D-A78B-903B4169410C}.Release|Any CPU.Build.0 = Release|Any CPU
		{2B0FB1B1-D320-4CA2-B2D9-1EEF91D793FB}.Debug|Any CPU.ActiveCfg = Debug|Any CPU
		{2B0FB1B1-D320-4CA2-B2D9-1EEF91D793FB}.Debug|Any CPU.Build.0 = Debug|Any CPU
		{2B0FB1B1-D320-4CA2-B2D9-1EEF91D793FB}.Release|Any CPU.ActiveCfg = Release|Any CPU
		{2B0FB1B1-D320-4CA2-B2D9-1EEF91D793FB}.Release|Any CPU.Build.0 = Release|Any CPU
	EndGlobalSection
	GlobalSection(SolutionProperties) = preSolution
		HideSolutionNode = FALSE
	EndGlobalSection
	GlobalSection(NestedProjects) = preSolution
		{515C5733-80A0-4C4D-9844-5A825E54EF89} = {666D3CDE-1002-465B-A1C1-D13AEFEF31A0}
		{AB95728C-F04B-412D-A78B-903B4169410C} = {666D3CDE-1002-465B-A1C1-D13AEFEF31A0}
		{2B0FB1B1-D320-4CA2-B2D9-1EEF91D793FB} = {3899CDCD-78C7-47FC-B990-ABA17A5A2394}
	EndGlobalSection
EndGlobal
